
Microsoft Visual Studio Solution File, Format Version 12.00
# Visual Studio Version 17
VisualStudioVersion = 17.3.32929.385
MinimumVisualStudioVersion = 10.0.40219.1
Project("{FAE04EC0-301F-11D3-BF4B-00C04F79EFBC}") = "CkpTodoApp", "CkpTodoApp.csproj", "{39F39AB4-075C-4EEA-A4F2-B06E4888733E}"
EndProject
Global
	GlobalSection(SolutionConfigurationPlatforms) = preSolution
		Debug|Any CPU = Debug|Any CPU
		Release|Any CPU = Release|Any CPU
	EndGlobalSection
	GlobalSection(ProjectConfigurationPlatforms) = postSolution
		{39F39AB4-075C-4EEA-A4F2-B06E4888733E}.Debug|Any CPU.ActiveCfg = Debug|Any CPU
		{39F39AB4-075C-4EEA-A4F2-B06E4888733E}.Debug|Any CPU.Build.0 = Debug|Any CPU
		{39F39AB4-075C-4EEA-A4F2-B06E4888733E}.Release|Any CPU.ActiveCfg = Release|Any CPU
		{39F39AB4-075C-4EEA-A4F2-B06E4888733E}.Release|Any CPU.Build.0 = Release|Any CPU
	EndGlobalSection
	GlobalSection(SolutionProperties) = preSolution
		HideSolutionNode = FALSE
	EndGlobalSection
	GlobalSection(ExtensibilityGlobals) = postSolution
		SolutionGuid = {3CF6689C-704B-4D3A-93C6-1E2CF6E0FE01}
	EndGlobalSection
EndGlobal
